
Microsoft Visual Studio Solution File, Format Version 12.00
# Visual Studio 15
VisualStudioVersion = 15.0.27130.2020
MinimumVisualStudioVersion = 10.0.40219.1
Project("{9A19103F-16F7-4668-BE54-9A1E7A4F7556}") = "AspNetCore.MongoDB", "AspNetCore.MongoDB\AspNetCore.MongoDB.csproj", "{D79D3BE6-68E4-4248-BB0C-A6A1A3E6B346}"
EndProject
Project("{FAE04EC0-301F-11D3-BF4B-00C04F79EFBC}") = "Sample", "Sample\Sample.csproj", "{4C2A9A56-4A11-4FC6-99AC-3DA20C7CA342}"
EndProject
Global
	GlobalSection(SolutionConfigurationPlatforms) = preSolution
		Debug|Any CPU = Debug|Any CPU
		Release|Any CPU = Release|Any CPU
	EndGlobalSection
	GlobalSection(ProjectConfigurationPlatforms) = postSolution
		{D79D3BE6-68E4-4248-BB0C-A6A1A3E6B346}.Debug|Any CPU.ActiveCfg = Debug|Any CPU
		{D79D3BE6-68E4-4248-BB0C-A6A1A3E6B346}.Debug|Any CPU.Build.0 = Debug|Any CPU
		{D79D3BE6-68E4-4248-BB0C-A6A1A3E6B346}.Release|Any CPU.ActiveCfg = Release|Any CPU
		{D79D3BE6-68E4-4248-BB0C-A6A1A3E6B346}.Release|Any CPU.Build.0 = Release|Any CPU
		{4C2A9A56-4A11-4FC6-99AC-3DA20C7CA342}.Debug|Any CPU.ActiveCfg = Debug|Any CPU
		{4C2A9A56-4A11-4FC6-99AC-3DA20C7CA342}.Debug|Any CPU.Build.0 = Debug|Any CPU
		{4C2A9A56-4A11-4FC6-99AC-3DA20C7CA342}.Release|Any CPU.ActiveCfg = Release|Any CPU
		{4C2A9A56-4A11-4FC6-99AC-3DA20C7CA342}.Release|Any CPU.Build.0 = Release|Any CPU
	EndGlobalSection
	GlobalSection(SolutionProperties) = preSolution
		HideSolutionNode = FALSE
	EndGlobalSection
	GlobalSection(ExtensibilityGlobals) = postSolution
		SolutionGuid = {E8CB41EB-1F4B-4F38-8B4B-566BD72AC028}
	EndGlobalSection
EndGlobal
